{
  "requires": true,
  "lockfileVersion": 1,
  "dependencies": {
    "react-intersection-observer": {
      "version": "8.30.3",
      "resolved": "https://registry.npmjs.org/react-intersection-observer/-/react-intersection-observer-8.30.3.tgz",
      "integrity": "sha512-hKYTJUrU99hAf7h1lNY3pjYXt+09BaPNC6fcLw1B8OLJJUDXTWrwzu4hRuztougeRgPYpxmNaTn1FS4F3EQnhA=="
    }
  }
}
